<?xml version="1.0" encoding="utf-8"?>
<Project ToolsVersion="4.0" xmlns="http://schemas.microsoft.com/developer/msbuild/2003">
  <ItemGroup>
    <Filter Include="inc">
      <UniqueIdentifier>{473b0f66-5ac3-4438-b6ac-205bd1448808}</UniqueIdentifier>
    </Filter>
    <Filter Include="inc\containers">
      <UniqueIdentifier>{ef5fb914-d954-4a85-9a3c-ac64c0c2a139}</UniqueIdentifier>
    </Filter>
    <Filter Include="inc\containers\piston">
      <UniqueIdentifier>{476b6a7b-b308-426d-8d06-338d938ac122}</UniqueIdentifier>
    </Filter>
    <Filter Include="shaders">
      <UniqueIdentifier>{0611a227-1b7f-46a7-879c-d07006c25350}</UniqueIdentifier>
    </Filter>
    <Filter Include="inc\utils">
      <UniqueIdentifier>{b703f639-535d-4cf2-90db-09b203a202c6}</UniqueIdentifier>
    </Filter>
    <Filter Include="renderer">
      <UniqueIdentifier>{326ac4b1-1167-477e-93bc-acf09d724c2e}</UniqueIdentifier>
    </Filter>
    <Filter Include="shaders\gb_pass">
      <UniqueIdentifier>{f363b9d4-0f9c-444e-85c4-a6761d28a55f}</UniqueIdentifier>
    </Filter>
    <Filter Include="shaders\deferred">
      <UniqueIdentifier>{fc72ed61-d6ba-449d-8466-862f9bc47be2}</UniqueIdentifier>
    </Filter>
    <Filter Include="shaders\deferred\light">
      <UniqueIdentifier>{ed778b78-a856-4907-86a0-4e41d1be254a}</UniqueIdentifier>
    </Filter>
    <Filter Include="inc\containers\manager">
      <UniqueIdentifier>{388994ba-edf3-4a0b-be85-cba3c20fe863}</UniqueIdentifier>
    </Filter>
    <Filter Include="inc\core">
      <UniqueIdentifier>{f9e53a06-2818-45ed-b6f3-433abb93d70b}</UniqueIdentifier>
    </Filter>
    <Filter Include="inc\core\d3d">
      <UniqueIdentifier>{3fcc3864-9453-49cb-be2a-486f9546b466}</UniqueIdentifier>
    </Filter>
    <Filter Include="inc\core\d3d\id3d">
      <UniqueIdentifier>{e9a8756a-8231-43f4-99f9-f917f7ea3830}</UniqueIdentifier>
    </Filter>
    <Filter Include="inc\core\gfx">
      <UniqueIdentifier>{cd888c99-9071-4279-9d12-ef9bf2d5eb5b}</UniqueIdentifier>
    </Filter>
    <Filter Include="inc\core\bindable">
      <UniqueIdentifier>{6fc42b97-5f01-4dde-a242-2364dfc79db2}</UniqueIdentifier>
    </Filter>
    <Filter Include="inc\core\bindable\shader">
      <UniqueIdentifier>{755ccdec-eda5-4f87-9467-4c11485b7f61}</UniqueIdentifier>
    </Filter>
    <Filter Include="inc\core\bindable\input_layout">
      <UniqueIdentifier>{77cbf194-006d-4b4b-8b81-7a1c552045ae}</UniqueIdentifier>
    </Filter>
    <Filter Include="inc\core\bindable\const_buffer">
      <UniqueIdentifier>{b2e948ba-a2ff-446f-9703-10ec745d9bf8}</UniqueIdentifier>
    </Filter>
    <Filter Include="inc\core\bindable\bindable">
      <UniqueIdentifier>{38f23a62-ce2d-4923-b1b9-9f627e920474}</UniqueIdentifier>
    </Filter>
    <Filter Include="inc\core\bindable\sampler">
      <UniqueIdentifier>{d3990f1a-e57e-49d0-8a21-a6a8331fac6f}</UniqueIdentifier>
    </Filter>
    <Filter Include="inc\core\bindable\render_texture">
      <UniqueIdentifier>{69d642bf-8c36-432e-b88e-70606f5e0cab}</UniqueIdentifier>
    </Filter>
    <Filter Include="inc\core\bindable\depth_stencil">
      <UniqueIdentifier>{2e5231c0-fcbf-4a30-b75c-e4b9b952502e}</UniqueIdentifier>
    </Filter>
    <Filter Include="inc\core\bindable\cubemap">
      <UniqueIdentifier>{76290757-9c99-45cf-9696-cb700c4dac23}</UniqueIdentifier>
    </Filter>
    <Filter Include="inc\core\entity">
      <UniqueIdentifier>{fc7ca1c5-4133-4ce1-a503-52b459d58e2a}</UniqueIdentifier>
    </Filter>
    <Filter Include="inc\core\entity\object">
      <UniqueIdentifier>{ed6cd22d-6f83-4223-bd4f-05863dc0b944}</UniqueIdentifier>
    </Filter>
    <Filter Include="inc\core\bindable\texture">
      <UniqueIdentifier>{f471c02c-7675-4e31-b24c-affd6a14cdf7}</UniqueIdentifier>
    </Filter>
    <Filter Include="inc\core\input">
      <UniqueIdentifier>{50538a7b-ca4d-40bb-a4f6-c04310b394bd}</UniqueIdentifier>
    </Filter>
    <Filter Include="inc\core\input\mouse">
      <UniqueIdentifier>{16d24fab-c868-4e9d-a7a2-98884c2dcd1a}</UniqueIdentifier>
    </Filter>
    <Filter Include="inc\core\scene">
      <UniqueIdentifier>{52b9cb19-2920-4226-a1ac-0b16d111f4d6}</UniqueIdentifier>
    </Filter>
    <Filter Include="inc\core\bindable\texture\inc">
      <UniqueIdentifier>{c1b889e5-6088-4cc2-bdc3-4a07b6f0310d}</UniqueIdentifier>
    </Filter>
    <Filter Include="inc\core\bindable\texture\src">
      <UniqueIdentifier>{c589a6d0-cf91-4dbd-9bdb-830ba038ec0a}</UniqueIdentifier>
    </Filter>
    <Filter Include="inc\core\bindable\cubemap\inc">
      <UniqueIdentifier>{fbca77db-e979-4bbc-b307-3a82e180596a}</UniqueIdentifier>
    </Filter>
    <Filter Include="inc\core\bindable\cubemap\src">
      <UniqueIdentifier>{35bea2cd-db0a-4714-80f7-c0b5f282b36a}</UniqueIdentifier>
    </Filter>
    <Filter Include="inc\core\bindable\input_layout\inc">
      <UniqueIdentifier>{c14bdf14-e513-45bc-9115-1c0d22b1bf1c}</UniqueIdentifier>
    </Filter>
    <Filter Include="inc\core\bindable\input_layout\src">
      <UniqueIdentifier>{66f60b0c-19e9-4ab0-b0b1-05cae21f7f52}</UniqueIdentifier>
    </Filter>
    <Filter Include="inc\core\bindable\render_texture\inc">
      <UniqueIdentifier>{bca8d1a2-c896-4b47-be1a-2319b7713e2c}</UniqueIdentifier>
    </Filter>
    <Filter Include="inc\core\bindable\render_texture\src">
      <UniqueIdentifier>{9b31a752-9d60-4942-a2ee-145aef74f512}</UniqueIdentifier>
    </Filter>
    <Filter Include="inc\core\bindable\sampler\inc">
      <UniqueIdentifier>{8dda27cf-75de-4a1a-b385-ba279ceac21c}</UniqueIdentifier>
    </Filter>
    <Filter Include="inc\core\bindable\sampler\src">
      <UniqueIdentifier>{14d911ca-a40a-4565-ab3a-964ee47327cd}</UniqueIdentifier>
    </Filter>
    <Filter Include="inc\core\bindable\shader\geom_shader">
      <UniqueIdentifier>{ca0953fe-a209-49a6-867b-72559f109923}</UniqueIdentifier>
    </Filter>
    <Filter Include="inc\core\bindable\shader\frag_shader">
      <UniqueIdentifier>{258e821c-45ca-4d21-ba53-7214e6aaeac8}</UniqueIdentifier>
    </Filter>
    <Filter Include="inc\core\bindable\shader\geom_shader\inc">
      <UniqueIdentifier>{56c94b3f-688c-4422-8c72-c9efe327c97b}</UniqueIdentifier>
    </Filter>
    <Filter Include="inc\core\bindable\shader\geom_shader\src">
      <UniqueIdentifier>{8487fb8f-279c-4768-9907-16de9fb42cd4}</UniqueIdentifier>
    </Filter>
    <Filter Include="inc\core\bindable\shader\frag_shader\inc">
      <UniqueIdentifier>{c917d951-1253-400f-bd4f-6b73ad2f7763}</UniqueIdentifier>
    </Filter>
    <Filter Include="inc\core\bindable\shader\frag_shader\src">
      <UniqueIdentifier>{278067da-3518-4c6e-8f8c-f3b070c3b5f1}</UniqueIdentifier>
    </Filter>
    <Filter Include="inc\core\bindable\shader\shader">
      <UniqueIdentifier>{2ff83fb1-4749-4682-a693-e2fd3c087d9f}</UniqueIdentifier>
    </Filter>
    <Filter Include="inc\core\bindable\shader\shader\inc">
      <UniqueIdentifier>{40c7323f-44b0-41f4-8cea-0ff55ccb094a}</UniqueIdentifier>
    </Filter>
    <Filter Include="inc\core\bindable\shader\shader\src">
      <UniqueIdentifier>{b943b15d-75cb-4701-b34a-d61e134ecf83}</UniqueIdentifier>
    </Filter>
    <Filter Include="shaders\skybox">
      <UniqueIdentifier>{702f1ed1-58d6-4b4f-8a94-61c145d478eb}</UniqueIdentifier>
    </Filter>
    <Filter Include="inc\core\bindable\rasterizer_state">
      <UniqueIdentifier>{0edcef44-7204-4dd9-89fb-6204d1544bd2}</UniqueIdentifier>
    </Filter>
    <Filter Include="inc\core\bindable\shader\vert_shader">
      <UniqueIdentifier>{2643a906-c957-4b56-8314-7babbe696a8a}</UniqueIdentifier>
    </Filter>
    <Filter Include="inc\core\bindable\shader\vert_shader\inc">
      <UniqueIdentifier>{bd5558ef-f74b-41ac-9146-ac9498eced05}</UniqueIdentifier>
    </Filter>
    <Filter Include="inc\core\bindable\shader\vert_shader\src">
      <UniqueIdentifier>{ac1dd171-1480-4203-9a78-f93a47c650ea}</UniqueIdentifier>
    </Filter>
    <Filter Include="inc\core\bindable\rasterizer_state\inc">
      <UniqueIdentifier>{8d744ca7-9f10-46ea-9f08-f9f97e864883}</UniqueIdentifier>
    </Filter>
    <Filter Include="inc\core\bindable\rasterizer_state\src">
      <UniqueIdentifier>{8d4ce108-aeb6-44e7-a218-57c11ae082ab}</UniqueIdentifier>
    </Filter>
    <Filter Include="inc\core\bindable\depth_stencil\depth_stencil_state">
      <UniqueIdentifier>{aecffcfb-57f4-40d3-bbbf-6ca236746d3d}</UniqueIdentifier>
    </Filter>
    <Filter Include="inc\core\bindable\depth_stencil\depth_stencil_state\inc">
      <UniqueIdentifier>{36ceff1e-c907-437c-8c56-08292411bede}</UniqueIdentifier>
    </Filter>
    <Filter Include="inc\core\bindable\depth_stencil\depth_stencil_state\src">
      <UniqueIdentifier>{b7384e1b-2add-4588-83ed-0813c482917b}</UniqueIdentifier>
    </Filter>
    <Filter Include="inc\core\bindable\depth_stencil\depth_stencil_view">
      <UniqueIdentifier>{bdc43550-6817-41bb-9043-16332997b224}</UniqueIdentifier>
    </Filter>
    <Filter Include="inc\core\bindable\depth_stencil\depth_stencil_view\inc">
      <UniqueIdentifier>{318e481c-446e-46f9-88c6-bf4e1f02b665}</UniqueIdentifier>
    </Filter>
    <Filter Include="inc\core\bindable\depth_stencil\depth_stencil_view\src">
      <UniqueIdentifier>{5db31c6c-c802-4ea0-82f9-7bdd8c06dd40}</UniqueIdentifier>
    </Filter>
    <Filter Include="inc\def">
      <UniqueIdentifier>{8d938104-32b4-4784-9c72-86fbe7a49acd}</UniqueIdentifier>
    </Filter>
    <Filter Include="inc\core\scene\inc">
      <UniqueIdentifier>{0dd0f208-e505-43f7-bab3-8f07142d349c}</UniqueIdentifier>
    </Filter>
    <Filter Include="inc\core\scene\src">
      <UniqueIdentifier>{25df1893-5355-441d-a6a7-60a68604dac4}</UniqueIdentifier>
    </Filter>
    <Filter Include="shaders\post_effects">
      <UniqueIdentifier>{654e95f3-2895-4830-a25b-d1914b924bd5}</UniqueIdentifier>
    </Filter>
    <Filter Include="shaders\misc">
      <UniqueIdentifier>{1acbdc15-3e69-45f2-9e09-1758d93f33ef}</UniqueIdentifier>
    </Filter>
    <Filter Include="shaders\misc\normal_mapping">
      <UniqueIdentifier>{5fb9dae9-531c-45fb-89d3-6f6b826046f1}</UniqueIdentifier>
    </Filter>
    <Filter Include="shaders\misc\brdf">
      <UniqueIdentifier>{0b5e3f1f-4e7f-45d4-881e-fa3e998edd9e}</UniqueIdentifier>
    </Filter>
    <Filter Include="shaders\misc\tone_mapping">
      <UniqueIdentifier>{9d0cf48e-8878-4032-95aa-5377ba950b27}</UniqueIdentifier>
    </Filter>
    <Filter Include="shaders\misc\gamma_correction">
      <UniqueIdentifier>{4c3f941c-55c6-46d3-bb01-e59acd97742a}</UniqueIdentifier>
    </Filter>
    <Filter Include="renderer\managers">
      <UniqueIdentifier>{8e4bad22-a84b-4935-b026-7dae436d934a}</UniqueIdentifier>
    </Filter>
    <Filter Include="renderer\managers\light_manager">
      <UniqueIdentifier>{b06feb30-21ca-46a3-8565-7d53c25e49bb}</UniqueIdentifier>
    </Filter>
    <Filter Include="renderer\managers\entity_manager">
      <UniqueIdentifier>{2f43801e-5621-4669-b56d-8dde518661eb}</UniqueIdentifier>
    </Filter>
    <Filter Include="renderer\managers\scene_manager">
      <UniqueIdentifier>{70ad2445-29a3-4a01-ba16-36fe0750292a}</UniqueIdentifier>
    </Filter>
    <Filter Include="renderer\managers\bindable_manager">
      <UniqueIdentifier>{ce76a95d-8e91-444f-885e-f0cbe052b41a}</UniqueIdentifier>
    </Filter>
    <Filter Include="renderer\managers\component_manager">
      <UniqueIdentifier>{da3eb34b-2ca0-4d48-ad55-6f6e4c248e41}</UniqueIdentifier>
    </Filter>
    <Filter Include="renderer\misc">
      <UniqueIdentifier>{316527d8-acae-4cba-8364-4d5c9dc41638}</UniqueIdentifier>
    </Filter>
    <Filter Include="renderer\misc\cam_controller">
      <UniqueIdentifier>{dac8d5fe-d79d-4f52-8039-0802ceb43682}</UniqueIdentifier>
    </Filter>
    <Filter Include="renderer\deferred_buffer">
      <UniqueIdentifier>{f0880b9c-09d5-4633-8660-e1eb7e3de690}</UniqueIdentifier>
    </Filter>
    <Filter Include="renderer\render_graph">
      <UniqueIdentifier>{7310268e-7b56-4677-85df-b941383f25ba}</UniqueIdentifier>
    </Filter>
    <Filter Include="inc\core\bindable\render_target">
      <UniqueIdentifier>{e8956cce-fc24-43d4-899e-bbcc6319ce08}</UniqueIdentifier>
    </Filter>
    <Filter Include="inc\core\bindable\render_target\inc">
      <UniqueIdentifier>{9d92cfd8-8468-445d-a670-2641d5957e76}</UniqueIdentifier>
    </Filter>
    <Filter Include="inc\core\bindable\render_target\src">
      <UniqueIdentifier>{f6435613-e345-4f57-b68c-3aec657b5e58}</UniqueIdentifier>
    </Filter>
    <Filter Include="inc\core\grng_resource_manager">
      <UniqueIdentifier>{dc3157c1-ac36-4c48-bae5-fe45eedc025c}</UniqueIdentifier>
    </Filter>
    <Filter Include="inc\exception">
      <UniqueIdentifier>{050c3577-5270-4385-a468-6241ff406d3d}</UniqueIdentifier>
    </Filter>
    <Filter Include="inc\exception\macros">
      <UniqueIdentifier>{63725327-0dc5-4a38-a498-b5f5f36c9b97}</UniqueIdentifier>
    </Filter>
    <Filter Include="inc\exception\gfx_exception">
      <UniqueIdentifier>{9cd73c69-c874-4961-b8e0-354b2a416191}</UniqueIdentifier>
    </Filter>
    <Filter Include="inc\exception\exception">
      <UniqueIdentifier>{11918ffc-2a91-4759-9389-e825c09a6151}</UniqueIdentifier>
    </Filter>
    <Filter Include="inc\exception\win_exception">
      <UniqueIdentifier>{ce293bb0-580a-464c-8f67-5590cd121825}</UniqueIdentifier>
    </Filter>
    <Filter Include="inc\exception\render_graph_exception">
      <UniqueIdentifier>{1acbf487-f41f-40a4-94a5-c81dbad097be}</UniqueIdentifier>
    </Filter>
    <Filter Include="inc\core\bindable\viewpost">
      <UniqueIdentifier>{e19a6c2f-6d2b-4b3b-abd7-22b00c9501ab}</UniqueIdentifier>
    </Filter>
    <Filter Include="inc\core\bindable\viewpost\inc">
      <UniqueIdentifier>{d6c5c57c-e374-45a6-891f-b7e9abaf746a}</UniqueIdentifier>
    </Filter>
    <Filter Include="inc\core\bindable\viewpost\src">
      <UniqueIdentifier>{284365a9-1af6-427c-8661-13e357f6f531}</UniqueIdentifier>
    </Filter>
    <Filter Include="renderer\render_graph\render_graph">
      <UniqueIdentifier>{56539128-50cd-4385-aa16-c33dbff94b22}</UniqueIdentifier>
    </Filter>
    <Filter Include="renderer\render_graph\rg_lib">
      <UniqueIdentifier>{063be001-d5be-4674-8ce5-3a4f9316451c}</UniqueIdentifier>
    </Filter>
    <Filter Include="renderer\render_graph\rg_lib\render_graphs">
      <UniqueIdentifier>{4bfa4739-5bce-4530-91a0-d94bce4305b4}</UniqueIdentifier>
    </Filter>
    <Filter Include="shaders\utils">
      <UniqueIdentifier>{396bb24a-fbb4-4169-b548-808d214b829a}</UniqueIdentifier>
    </Filter>
    <Filter Include="inc\core\bindable\mesh">
      <UniqueIdentifier>{a4f1d58a-3e9f-4747-8869-5c5d4976b09a}</UniqueIdentifier>
    </Filter>
    <Filter Include="inc\core\bindable\mesh\inc">
      <UniqueIdentifier>{44806272-8b33-49a1-b8a5-a4bcaa75c007}</UniqueIdentifier>
    </Filter>
    <Filter Include="inc\core\bindable\mesh\src">
      <UniqueIdentifier>{6d2fa5f2-9717-49d5-bdc7-89c343e34843}</UniqueIdentifier>
    </Filter>
    <Filter Include="renderer\managers\win_manager">
      <UniqueIdentifier>{e9408c8e-cd48-46ac-87b1-8378673609e0}</UniqueIdentifier>
    </Filter>
    <Filter Include="renderer\managers\win_manager\inc">
      <UniqueIdentifier>{16b26027-2656-4955-a005-7f456850379c}</UniqueIdentifier>
    </Filter>
    <Filter Include="renderer\managers\win_manager\src">
      <UniqueIdentifier>{fd1084c7-936b-4ae3-8ee2-02dc3dd0d949}</UniqueIdentifier>
    </Filter>
    <Filter Include="inc\window">
      <UniqueIdentifier>{b1389c78-f5e2-4c2a-96ae-6bd925325f2e}</UniqueIdentifier>
    </Filter>
    <Filter Include="inc\window\inc">
      <UniqueIdentifier>{45b6e06e-e510-46de-bae4-68b9f63aa44d}</UniqueIdentifier>
    </Filter>
    <Filter Include="inc\window\src">
      <UniqueIdentifier>{37d240c3-6307-4e0f-a52d-191bfeeaf429}</UniqueIdentifier>
    </Filter>
    <Filter Include="inc\core\bindable\bindable\inc">
      <UniqueIdentifier>{bd6236be-990b-456c-8a53-2424bb2f1a68}</UniqueIdentifier>
    </Filter>
    <Filter Include="inc\core\bindable\bindable\src">
      <UniqueIdentifier>{f1cd5c61-172b-43d8-80f9-e3411e058d13}</UniqueIdentifier>
    </Filter>
    <Filter Include="renderer\render_graph\rg_lib\base_passes">
      <UniqueIdentifier>{55ca0e8f-23cc-49a0-a890-0731f38254d0}</UniqueIdentifier>
    </Filter>
    <Filter Include="renderer\render_graph\rg_lib\passes">
      <UniqueIdentifier>{3f979d64-0a31-4d05-b6b8-211b4442612e}</UniqueIdentifier>
    </Filter>
    <Filter Include="inc\core\components">
      <UniqueIdentifier>{e3da5a10-39cf-476e-8e40-b13d8db34251}</UniqueIdentifier>
    </Filter>
    <Filter Include="inc\core\components\transform">
      <UniqueIdentifier>{90131e27-97bf-4bc9-bab8-54a2268fb564}</UniqueIdentifier>
    </Filter>
    <Filter Include="inc\core\components\transform\transform">
      <UniqueIdentifier>{97f5b94f-6d49-4738-aa7e-13c7fa33bec5}</UniqueIdentifier>
    </Filter>
    <Filter Include="inc\core\components\camera">
      <UniqueIdentifier>{51cef2e1-373c-402b-b5e6-7493531c3fe6}</UniqueIdentifier>
    </Filter>
    <Filter Include="inc\core\components\camera\camera">
      <UniqueIdentifier>{24e67960-1ebb-4d04-859c-6d916b002d30}</UniqueIdentifier>
    </Filter>
    <Filter Include="inc\core\components\camera\camera\inc">
      <UniqueIdentifier>{e285e369-d18d-4acc-adeb-e4f669adb0b2}</UniqueIdentifier>
    </Filter>
    <Filter Include="inc\core\components\camera\camera\src">
      <UniqueIdentifier>{80bb8b57-84ed-4fc8-9a5f-75cb2bf90b0b}</UniqueIdentifier>
    </Filter>
    <Filter Include="inc\core\components\camera\camera_shader">
      <UniqueIdentifier>{4f5dc803-cdc2-4777-82e0-3b4b54ab2769}</UniqueIdentifier>
    </Filter>
    <Filter Include="inc\core\components\texture2d">
      <UniqueIdentifier>{91890ce6-d602-448e-8a22-5a6c70da4295}</UniqueIdentifier>
    </Filter>
    <Filter Include="inc\core\components\texture2d\inc">
      <UniqueIdentifier>{41f2f772-eff0-4b1a-bbce-653aede13398}</UniqueIdentifier>
    </Filter>
    <Filter Include="inc\core\components\texture2d\src">
      <UniqueIdentifier>{11e9aa64-afa7-4040-94dc-2f008e316641}</UniqueIdentifier>
    </Filter>
    <Filter Include="inc\core\components\material">
      <UniqueIdentifier>{e2303559-2654-4ff3-ab7f-811fb0b4fc12}</UniqueIdentifier>
    </Filter>
    <Filter Include="inc\core\components\material\material">
      <UniqueIdentifier>{a5354b81-df0d-4abf-a521-c3d352f42cf9}</UniqueIdentifier>
    </Filter>
    <Filter Include="inc\core\components\shader_include">
      <UniqueIdentifier>{bb7f65da-3fc6-4d97-8903-981a795dc09a}</UniqueIdentifier>
    </Filter>
    <Filter Include="inc\core\components\skybox">
      <UniqueIdentifier>{146bdaee-27c8-4400-b37a-3ef22aecffda}</UniqueIdentifier>
    </Filter>
    <Filter Include="inc\core\components\skybox\inc">
      <UniqueIdentifier>{3c324064-d617-4b70-9a90-2d383cc2508a}</UniqueIdentifier>
    </Filter>
    <Filter Include="inc\core\components\skybox\src">
      <UniqueIdentifier>{f41d90d9-cb22-42c7-a551-d573703d902c}</UniqueIdentifier>
    </Filter>
    <Filter Include="inc\core\components\skybox_material">
      <UniqueIdentifier>{fa1a673c-5a6f-4d73-b1dd-a04699a7ab93}</UniqueIdentifier>
    </Filter>
    <Filter Include="inc\core\components\skybox_material\skybox_material">
      <UniqueIdentifier>{4f796ed2-e0a5-4ffd-a12e-91165945c10d}</UniqueIdentifier>
    </Filter>
    <Filter Include="inc\core\rg_components">
      <UniqueIdentifier>{75461327-5772-404b-9d10-8db68d464424}</UniqueIdentifier>
    </Filter>
    <Filter Include="inc\core\rg_components\input">
      <UniqueIdentifier>{4f8c3cb6-3284-4c40-aa7a-3677fffe47ae}</UniqueIdentifier>
    </Filter>
    <Filter Include="inc\core\rg_components\source">
      <UniqueIdentifier>{d86cb673-67ab-46cc-88f8-f295f45ad005}</UniqueIdentifier>
    </Filter>
    <Filter Include="inc\core\rg_components\pass">
      <UniqueIdentifier>{c1a1ee7b-46fc-4993-9218-4d9eaf494d21}</UniqueIdentifier>
    </Filter>
    <Filter Include="inc\core\components\component">
      <UniqueIdentifier>{fadcdffc-8caf-47df-97b5-edda323a0323}</UniqueIdentifier>
    </Filter>
    <Filter Include="inc\core\rg_components\rg_component">
      <UniqueIdentifier>{592cd81a-0ea8-4644-bacb-9d454779af4d}</UniqueIdentifier>
    </Filter>
    <Filter Include="inc\core\entity\light">
      <UniqueIdentifier>{c21b460a-0567-4d9f-bc3c-695f97177691}</UniqueIdentifier>
    </Filter>
    <Filter Include="inc\core\entity\light\point">
      <UniqueIdentifier>{2dcca039-2712-4ad6-a86b-4a6054fd70d2}</UniqueIdentifier>
    </Filter>
    <Filter Include="inc\core\entity\light\point\inc">
      <UniqueIdentifier>{de7b597c-d5bd-485a-81d3-eeec52d20bc2}</UniqueIdentifier>
    </Filter>
    <Filter Include="inc\core\entity\light\point\src">
      <UniqueIdentifier>{265947a4-0688-4219-832a-98dad76aff8c}</UniqueIdentifier>
    </Filter>
    <Filter Include="inc\core\entity\light\dir">
      <UniqueIdentifier>{2cde1c3b-e917-4524-bc7a-9fd2d52241b9}</UniqueIdentifier>
    </Filter>
    <Filter Include="inc\core\entity\light\dir\inc">
      <UniqueIdentifier>{3b971a52-956e-4b69-96de-f67d5bf0fec1}</UniqueIdentifier>
    </Filter>
    <Filter Include="inc\core\entity\light\dir\src">
      <UniqueIdentifier>{66ca72f7-220c-497b-863a-fa8adccc9d9f}</UniqueIdentifier>
    </Filter>
    <Filter Include="inc\core\entity\light\light">
      <UniqueIdentifier>{1a840c0b-545d-452e-8cd6-33d22654e630}</UniqueIdentifier>
    </Filter>
    <Filter Include="inc\core\entity\light\light\light">
      <UniqueIdentifier>{83e87ecd-08ab-47d5-8cd3-9e6a9cd70a2d}</UniqueIdentifier>
    </Filter>
    <Filter Include="inc\core\entity\bindable_entity">
      <UniqueIdentifier>{17709447-e964-4d10-a2b6-edabebde0978}</UniqueIdentifier>
    </Filter>
  </ItemGroup>
  <ItemGroup>
    <ClCompile Include="grng_d3d.cpp">
      <Filter>inc\core\d3d</Filter>
    </ClCompile>
    <ClCompile Include="grng_gfx.cpp">
      <Filter>inc\core\gfx</Filter>
    </ClCompile>
    <ClCompile Include="grng_object.cpp">
      <Filter>inc\core\entity\object</Filter>
    </ClCompile>
    <ClCompile Include="grng_mouse.cpp">
      <Filter>inc\core\input\mouse</Filter>
    </ClCompile>
    <ClCompile Include="grng_math.cpp">
      <Filter>inc\utils</Filter>
    </ClCompile>
    <ClCompile Include="cam_controller.cpp">
      <Filter>renderer\misc\cam_controller</Filter>
    </ClCompile>
    <ClCompile Include="grng_mouse_button.cpp">
      <Filter>inc\core\input\mouse</Filter>
    </ClCompile>
    <ClCompile Include="grng_window_cursor.cpp">
      <Filter>inc\window\src</Filter>
    </ClCompile>
    <ClCompile Include="grng_window_update.cpp">
      <Filter>inc\window\src</Filter>
    </ClCompile>
    <ClCompile Include="grng_window.cpp">
      <Filter>inc\window\src</Filter>
    </ClCompile>
    <ClCompile Include="grng_window_draw.cpp">
      <Filter>inc\window\src</Filter>
    </ClCompile>
    <ClCompile Include="grng_window_misc.cpp">
      <Filter>inc\window\src</Filter>
    </ClCompile>
    <ClCompile Include="grng_win_manager.cpp">
      <Filter>renderer\managers\win_manager\src</Filter>
    </ClCompile>
    <ClCompile Include="grng_wm_cursor.cpp">
      <Filter>renderer\managers\win_manager\src</Filter>
    </ClCompile>
    <ClCompile Include="grng_wm_resources.cpp">
      <Filter>renderer\managers\win_manager\src</Filter>
    </ClCompile>
    <ClCompile Include="grng_wm_update.cpp">
      <Filter>renderer\managers\win_manager\src</Filter>
    </ClCompile>
    <ClCompile Include="grng_wm_win_proc.cpp">
      <Filter>renderer\managers\win_manager\src</Filter>
    </ClCompile>
    <ClCompile Include="grng_wm_window.cpp">
      <Filter>renderer\managers\win_manager\src</Filter>
    </ClCompile>
    <ClCompile Include="grng_wm_misc.cpp">
      <Filter>renderer\managers\win_manager\src</Filter>
    </ClCompile>
    <ClCompile Include="grng_texture.cpp">
      <Filter>inc\core\bindable\texture\src</Filter>
    </ClCompile>
    <ClCompile Include="grng_texture_data.cpp">
      <Filter>inc\core\bindable\texture\src</Filter>
    </ClCompile>
    <ClCompile Include="grng_cubemap.cpp">
      <Filter>inc\core\bindable\cubemap\src</Filter>
    </ClCompile>
    <ClCompile Include="grng_cubemap_data.cpp">
      <Filter>inc\core\bindable\cubemap\src</Filter>
    </ClCompile>
    <ClCompile Include="grng_cubemap_dds.cpp">
      <Filter>inc\core\bindable\cubemap\src</Filter>
    </ClCompile>
    <ClCompile Include="grng_depth_stencil_view.cpp">
      <Filter>inc\core\bindable\depth_stencil\depth_stencil_view\src</Filter>
    </ClCompile>
    <ClCompile Include="grng_depth_stencil_view_data.cpp">
      <Filter>inc\core\bindable\depth_stencil\depth_stencil_view\src</Filter>
    </ClCompile>
    <ClCompile Include="grng_depth_stencil_view_get.cpp">
      <Filter>inc\core\bindable\depth_stencil\depth_stencil_view\src</Filter>
    </ClCompile>
    <ClCompile Include="grng_input_layout.cpp">
      <Filter>inc\core\bindable\input_layout\src</Filter>
    </ClCompile>
    <ClCompile Include="grng_input_layout_data.cpp">
      <Filter>inc\core\bindable\input_layout\src</Filter>
    </ClCompile>
    <ClCompile Include="grng_render_texture.cpp">
      <Filter>inc\core\bindable\render_texture\src</Filter>
    </ClCompile>
    <ClCompile Include="grng_render_texture_data.cpp">
      <Filter>inc\core\bindable\render_texture\src</Filter>
    </ClCompile>
    <ClCompile Include="grng_render_texture_get.cpp">
      <Filter>inc\core\bindable\render_texture\src</Filter>
    </ClCompile>
    <ClCompile Include="grng_sampler.cpp">
      <Filter>inc\core\bindable\sampler\src</Filter>
    </ClCompile>
    <ClCompile Include="grng_sampler_data.cpp">
      <Filter>inc\core\bindable\sampler\src</Filter>
    </ClCompile>
    <ClCompile Include="grng_vert_shader.cpp">
      <Filter>inc\core\bindable\shader\vert_shader\src</Filter>
    </ClCompile>
    <ClCompile Include="grng_vert_shader_data.cpp">
      <Filter>inc\core\bindable\shader\vert_shader\src</Filter>
    </ClCompile>
    <ClCompile Include="grng_geom_shader.cpp">
      <Filter>inc\core\bindable\shader\geom_shader\src</Filter>
    </ClCompile>
    <ClCompile Include="grng_geom_shader_data.cpp">
      <Filter>inc\core\bindable\shader\geom_shader\src</Filter>
    </ClCompile>
    <ClCompile Include="grng_frag_shader.cpp">
      <Filter>inc\core\bindable\shader\frag_shader\src</Filter>
    </ClCompile>
    <ClCompile Include="grng_frag_shader_data.cpp">
      <Filter>inc\core\bindable\shader\frag_shader\src</Filter>
    </ClCompile>
    <ClCompile Include="grng_shader_data.cpp">
      <Filter>inc\core\bindable\shader\shader\src</Filter>
    </ClCompile>
    <ClCompile Include="grng_texture2d.cpp">
      <Filter>inc\core\components\texture2d\src</Filter>
    </ClCompile>
    <ClCompile Include="grng_texture2d_data.cpp">
      <Filter>inc\core\components\texture2d\src</Filter>
    </ClCompile>
    <ClCompile Include="grng_id3d.cpp">
      <Filter>inc\core\d3d\id3d</Filter>
    </ClCompile>
    <ClCompile Include="grng_mesh_data.cpp">
      <Filter>inc\core\bindable\mesh\src</Filter>
    </ClCompile>
    <ClCompile Include="grng_mesh_d3d.cpp">
      <Filter>inc\core\bindable\mesh\src</Filter>
    </ClCompile>
    <ClCompile Include="grng_mesh_obj.cpp">
      <Filter>inc\core\bindable\mesh\src</Filter>
    </ClCompile>
    <ClCompile Include="grng_mesh.cpp">
      <Filter>inc\core\bindable\mesh\src</Filter>
    </ClCompile>
    <ClCompile Include="grng_rasterizer_state.cpp">
      <Filter>inc\core\bindable\rasterizer_state\src</Filter>
    </ClCompile>
    <ClCompile Include="grng_rasterizer_state_data.cpp">
      <Filter>inc\core\bindable\rasterizer_state\src</Filter>
    </ClCompile>
    <ClCompile Include="grng_depth_stencil_state.cpp">
      <Filter>inc\core\bindable\depth_stencil\depth_stencil_state\src</Filter>
    </ClCompile>
    <ClCompile Include="grng_depth_stencil_state_data.cpp">
      <Filter>inc\core\bindable\depth_stencil\depth_stencil_state\src</Filter>
    </ClCompile>
    <ClCompile Include="grng_utils.cpp">
      <Filter>inc\utils</Filter>
    </ClCompile>
    <ClCompile Include="grng_skybox.cpp">
      <Filter>inc\core\components\skybox\src</Filter>
    </ClCompile>
    <ClCompile Include="grng_skybox_data.cpp">
      <Filter>inc\core\components\skybox\src</Filter>
    </ClCompile>
    <ClCompile Include="grng_skybox_def.cpp">
      <Filter>inc\core\components\skybox\src</Filter>
    </ClCompile>
    <ClCompile Include="grng_scene_light.cpp">
      <Filter>inc\core\scene\src</Filter>
    </ClCompile>
    <ClCompile Include="grng_scene_entity.cpp">
      <Filter>inc\core\scene\src</Filter>
    </ClCompile>
    <ClCompile Include="grng_scene_skybox.cpp">
      <Filter>inc\core\scene\src</Filter>
    </ClCompile>
    <ClCompile Include="grng_scene_draw.cpp">
      <Filter>inc\core\scene\src</Filter>
    </ClCompile>
    <ClCompile Include="grng_point_light.cpp">
      <Filter>inc\core\entity\light\point\src</Filter>
    </ClCompile>
    <ClCompile Include="grng_point_light_data.cpp">
      <Filter>inc\core\entity\light\point\src</Filter>
    </ClCompile>
    <ClCompile Include="grng_point_light_get.cpp">
      <Filter>inc\core\entity\light\point\src</Filter>
    </ClCompile>
    <ClCompile Include="grng_dir_light.cpp">
      <Filter>inc\core\entity\light\dir\src</Filter>
    </ClCompile>
    <ClCompile Include="grng_dir_light_data.cpp">
      <Filter>inc\core\entity\light\dir\src</Filter>
    </ClCompile>
    <ClCompile Include="grng_dir_light_get.cpp">
      <Filter>inc\core\entity\light\dir\src</Filter>
    </ClCompile>
    <ClCompile Include="grng_skybox_material.cpp">
      <Filter>inc\core\components\skybox_material\skybox_material</Filter>
    </ClCompile>
    <ClCompile Include="grng_material.cpp">
      <Filter>inc\core\components\material\material</Filter>
    </ClCompile>
    <ClCompile Include="grng_transform.cpp">
      <Filter>inc\core\components\transform\transform</Filter>
    </ClCompile>
    <ClCompile Include="grng_camera_def.cpp">
      <Filter>inc\core\components\camera\camera\src</Filter>
    </ClCompile>
    <ClCompile Include="grng_camera.cpp">
      <Filter>inc\core\components\camera\camera\src</Filter>
    </ClCompile>
    <ClCompile Include="grng_camera_update.cpp">
      <Filter>inc\core\components\camera\camera\src</Filter>
    </ClCompile>
    <ClCompile Include="grng_camera_data.cpp">
      <Filter>inc\core\components\camera\camera\src</Filter>
    </ClCompile>
    <ClCompile Include="grng_camera_get.cpp">
      <Filter>inc\core\components\camera\camera\src</Filter>
    </ClCompile>
    <ClCompile Include="grng_deferred_buffer_get.cpp">
      <Filter>renderer\deferred_buffer</Filter>
    </ClCompile>
    <ClCompile Include="grng_win_exception.cpp">
      <Filter>inc\exception\win_exception</Filter>
    </ClCompile>
    <ClCompile Include="grng_exception.cpp">
      <Filter>inc\exception\exception</Filter>
    </ClCompile>
    <ClCompile Include="grng_gfx_exception.cpp">
      <Filter>inc\exception\gfx_exception</Filter>
    </ClCompile>
    <ClCompile Include="grng_render_target.cpp">
      <Filter>inc\core\bindable\render_target\src</Filter>
    </ClCompile>
    <ClCompile Include="grng_render_target_data.cpp">
      <Filter>inc\core\bindable\render_target\src</Filter>
    </ClCompile>
    <ClCompile Include="grng_render_target_misc.cpp">
      <Filter>inc\core\bindable\render_target\src</Filter>
    </ClCompile>
    <ClCompile Include="grng_resource_manager.cpp">
      <Filter>inc\core\grng_resource_manager</Filter>
    </ClCompile>
    <ClCompile Include="grng_rg_exception.cpp">
      <Filter>inc\exception\render_graph_exception</Filter>
    </ClCompile>
    <ClCompile Include="grng_viewport.cpp">
      <Filter>inc\core\bindable\viewpost\src</Filter>
    </ClCompile>
    <ClCompile Include="grng_viewport_data.cpp">
      <Filter>inc\core\bindable\viewpost\src</Filter>
    </ClCompile>
    <ClCompile Include="grng_bindable.cpp">
      <Filter>inc\core\bindable\bindable\src</Filter>
    </ClCompile>
    <ClCompile Include="win_main.cpp">
      <Filter>renderer</Filter>
    </ClCompile>
    <ClCompile Include="grng_render_texture_misc.cpp">
      <Filter>inc\core\bindable\render_texture\src</Filter>
    </ClCompile>
  </ItemGroup>
  <ItemGroup>
    <ClInclude Include="grng_piston.h">
      <Filter>inc\containers\piston</Filter>
    </ClInclude>
    <ClInclude Include="grng_d3d.h">
      <Filter>inc\core\d3d</Filter>
    </ClInclude>
    <ClInclude Include="grng_entity.h">
      <Filter>inc\core\entity</Filter>
    </ClInclude>
    <ClInclude Include="grng_id3d.h">
      <Filter>inc\core\d3d\id3d</Filter>
    </ClInclude>
    <ClInclude Include="grng_object.h">
      <Filter>inc\core\entity\object</Filter>
    </ClInclude>
    <ClInclude Include="grng_components.h">
      <Filter>inc\core\components</Filter>
    </ClInclude>
    <ClInclude Include="grng_bindables.h">
      <Filter>inc\core\bindable</Filter>
    </ClInclude>
    <ClInclude Include="grng_shaders.h">
      <Filter>inc\core\bindable\shader</Filter>
    </ClInclude>
    <ClInclude Include="grng_entities.h">
      <Filter>inc\core\entity</Filter>
    </ClInclude>
    <ClInclude Include="grng_transform_shader.h">
      <Filter>inc\core\components\transform</Filter>
    </ClInclude>
    <ClInclude Include="grng_gfx.h">
      <Filter>inc\core\gfx</Filter>
    </ClInclude>
    <ClInclude Include="grng_light_manager.h">
      <Filter>renderer\managers\light_manager</Filter>
    </ClInclude>
    <ClInclude Include="grng_shader_include.h">
      <Filter>inc\core\components\shader_include</Filter>
    </ClInclude>
    <ClInclude Include="grng_utils.h">
      <Filter>inc\utils</Filter>
    </ClInclude>
    <ClInclude Include="grng_manager.h">
      <Filter>inc\containers\manager</Filter>
    </ClInclude>
    <ClInclude Include="grng_entity_manager.h">
      <Filter>renderer\managers\entity_manager</Filter>
    </ClInclude>
    <ClInclude Include="grng_camera_deferred_shader.h">
      <Filter>inc\core\components\camera\camera_shader</Filter>
    </ClInclude>
    <ClInclude Include="grng_material_def.h">
      <Filter>inc\core\components\material</Filter>
    </ClInclude>
    <ClInclude Include="grng_math.h">
      <Filter>inc\utils</Filter>
    </ClInclude>
    <ClInclude Include="grng_mouse.h">
      <Filter>inc\core\input\mouse</Filter>
    </ClInclude>
    <ClInclude Include="grng_input.h">
      <Filter>inc\core\input</Filter>
    </ClInclude>
    <ClInclude Include="cam_controller.h">
      <Filter>renderer\misc\cam_controller</Filter>
    </ClInclude>
    <ClInclude Include="grng_window.h">
      <Filter>inc\window\inc</Filter>
    </ClInclude>
    <ClInclude Include="grng_win_manager.h">
      <Filter>renderer\managers\win_manager\inc</Filter>
    </ClInclude>
    <ClInclude Include="grng_scene_manager.h">
      <Filter>renderer\managers\scene_manager</Filter>
    </ClInclude>
    <ClInclude Include="grng_bindable_manager.h">
      <Filter>renderer\managers\bindable_manager</Filter>
    </ClInclude>
    <ClInclude Include="grng_material_shader.h">
      <Filter>inc\core\components\material</Filter>
    </ClInclude>
    <ClInclude Include="grng_component_manager.h">
      <Filter>renderer\managers\component_manager</Filter>
    </ClInclude>
    <ClInclude Include="grng_texture.h">
      <Filter>inc\core\bindable\texture\inc</Filter>
    </ClInclude>
    <ClInclude Include="grng_const_buffers.h">
      <Filter>inc\core\bindable\const_buffer</Filter>
    </ClInclude>
    <ClInclude Include="grng_vert_const_buffer.h">
      <Filter>inc\core\bindable\const_buffer</Filter>
    </ClInclude>
    <ClInclude Include="grng_frag_const_buffer.h">
      <Filter>inc\core\bindable\const_buffer</Filter>
    </ClInclude>
    <ClInclude Include="grng_const_buffer.h">
      <Filter>inc\core\bindable\const_buffer</Filter>
    </ClInclude>
    <ClInclude Include="grng_cubemap.h">
      <Filter>inc\core\bindable\cubemap\inc</Filter>
    </ClInclude>
    <ClInclude Include="grng_depth_stencil_view.h">
      <Filter>inc\core\bindable\depth_stencil\depth_stencil_view\inc</Filter>
    </ClInclude>
    <ClInclude Include="grng_input_layout.h">
      <Filter>inc\core\bindable\input_layout\inc</Filter>
    </ClInclude>
    <ClInclude Include="grng_render_texture.h">
      <Filter>inc\core\bindable\render_texture\inc</Filter>
    </ClInclude>
    <ClInclude Include="grng_sampler.h">
      <Filter>inc\core\bindable\sampler\inc</Filter>
    </ClInclude>
    <ClInclude Include="grng_vert_shader.h">
      <Filter>inc\core\bindable\shader\vert_shader\inc</Filter>
    </ClInclude>
    <ClInclude Include="grng_geom_shader.h">
      <Filter>inc\core\bindable\shader\geom_shader\inc</Filter>
    </ClInclude>
    <ClInclude Include="grng_frag_shader.h">
      <Filter>inc\core\bindable\shader\frag_shader\inc</Filter>
    </ClInclude>
    <ClInclude Include="grng_shader.h">
      <Filter>inc\core\bindable\shader\shader\inc</Filter>
    </ClInclude>
    <ClInclude Include="grng_texture2d.h">
      <Filter>inc\core\components\texture2d\inc</Filter>
    </ClInclude>
    <ClInclude Include="grng_mesh.h">
      <Filter>inc\core\bindable\mesh\inc</Filter>
    </ClInclude>
    <ClInclude Include="grng_rasterizer_state.h">
      <Filter>inc\core\bindable\rasterizer_state\inc</Filter>
    </ClInclude>
    <ClInclude Include="grng_depth_stencil_state.h">
      <Filter>inc\core\bindable\depth_stencil\depth_stencil_state\inc</Filter>
    </ClInclude>
    <ClInclude Include="grng_depth_stencil.h">
      <Filter>inc\core\bindable\depth_stencil</Filter>
    </ClInclude>
    <ClInclude Include="grng_skybox.h">
      <Filter>inc\core\components\skybox\inc</Filter>
    </ClInclude>
    <ClInclude Include="grng_skybox_material_shader.h">
      <Filter>inc\core\components\skybox_material</Filter>
    </ClInclude>
    <ClInclude Include="grng_skybox_material_def.h">
      <Filter>inc\core\components\skybox_material</Filter>
    </ClInclude>
    <ClInclude Include="grng_def_materials.h">
      <Filter>inc\def</Filter>
    </ClInclude>
    <ClInclude Include="grng_def_meshes.h">
      <Filter>inc\def</Filter>
    </ClInclude>
    <ClInclude Include="grng_def_textures.h">
      <Filter>inc\def</Filter>
    </ClInclude>
    <ClInclude Include="grng_def_cubemaps.h">
      <Filter>inc\def</Filter>
    </ClInclude>
    <ClInclude Include="grng_def_rasterizer_states.h">
      <Filter>inc\def</Filter>
    </ClInclude>
    <ClInclude Include="grng_def_skybox.h">
      <Filter>inc\def</Filter>
    </ClInclude>
    <ClInclude Include="grng_def_misc.h">
      <Filter>inc\def</Filter>
    </ClInclude>
    <ClInclude Include="grng_def.h">
      <Filter>inc\def</Filter>
    </ClInclude>
    <ClInclude Include="grng_def_skybox_materials.h">
      <Filter>inc\def</Filter>
    </ClInclude>
    <ClInclude Include="grng_scene.h">
      <Filter>inc\core\scene\inc</Filter>
    </ClInclude>
    <ClInclude Include="grng_point_light.h">
      <Filter>inc\core\entity\light\point\inc</Filter>
    </ClInclude>
    <ClInclude Include="grng_dir_light.h">
      <Filter>inc\core\entity\light\dir\inc</Filter>
    </ClInclude>
    <ClInclude Include="grng_skybox_material.h">
      <Filter>inc\core\components\skybox_material\skybox_material</Filter>
    </ClInclude>
    <ClInclude Include="grng_material.h">
      <Filter>inc\core\components\material\material</Filter>
    </ClInclude>
    <ClInclude Include="grng_transform.h">
      <Filter>inc\core\components\transform\transform</Filter>
    </ClInclude>
    <ClInclude Include="grng_camera.h">
      <Filter>inc\core\components\camera\camera\inc</Filter>
    </ClInclude>
    <ClInclude Include="grng_camera_post_effects_shader.h">
      <Filter>inc\core\components\camera\camera_shader</Filter>
    </ClInclude>
    <ClInclude Include="grng_deferred_buffer.h">
      <Filter>renderer\deferred_buffer</Filter>
    </ClInclude>
    <ClInclude Include="grng_rg_source.h">
      <Filter>inc\core\rg_components\source</Filter>
    </ClInclude>
    <ClInclude Include="grng_win_exc_macros.h">
      <Filter>inc\exception\macros</Filter>
    </ClInclude>
    <ClInclude Include="grng_exc_macros.h">
      <Filter>inc\exception\macros</Filter>
    </ClInclude>
    <ClInclude Include="grng_gfx_exception.h">
      <Filter>inc\exception\gfx_exception</Filter>
    </ClInclude>
    <ClInclude Include="grng_win_exception.h">
      <Filter>inc\exception\win_exception</Filter>
    </ClInclude>
    <ClInclude Include="grng_exception.h">
      <Filter>inc\exception\exception</Filter>
    </ClInclude>
    <ClInclude Include="grng_gfx_exc_macros.h">
      <Filter>inc\exception\macros</Filter>
    </ClInclude>
    <ClInclude Include="grng_def_exc_macros.h">
      <Filter>inc\exception\macros</Filter>
    </ClInclude>
    <ClInclude Include="grng_render_target.h">
      <Filter>inc\core\bindable\render_target\inc</Filter>
    </ClInclude>
    <ClInclude Include="grng_resource_manager.h">
      <Filter>inc\core\grng_resource_manager</Filter>
    </ClInclude>
    <ClInclude Include="grng_rg_exception.h">
      <Filter>inc\exception\render_graph_exception</Filter>
    </ClInclude>
    <ClInclude Include="grng_rg_exc_macros.h">
      <Filter>inc\exception\macros</Filter>
    </ClInclude>
    <ClInclude Include="grng_def_render_graph.h">
      <Filter>inc\def</Filter>
    </ClInclude>
    <ClInclude Include="grng_def_window.h">
      <Filter>inc\def</Filter>
    </ClInclude>
    <ClInclude Include="grng_viewport.h">
      <Filter>inc\core\bindable\viewpost\inc</Filter>
    </ClInclude>
    <ClInclude Include="grng_rg_sources.h">
      <Filter>inc\core\rg_components\source</Filter>
    </ClInclude>
    <ClInclude Include="grng_rg_buffer_source.h">
      <Filter>inc\core\rg_components\source</Filter>
    </ClInclude>
    <ClInclude Include="grng_rg_bindable_source.h">
      <Filter>inc\core\rg_components\source</Filter>
    </ClInclude>
    <ClInclude Include="grng_rg_pass.h">
      <Filter>inc\core\rg_components\pass</Filter>
    </ClInclude>
    <ClInclude Include="grng_rg_inputs.h">
      <Filter>inc\core\rg_components\input</Filter>
    </ClInclude>
    <ClInclude Include="grng_rg_bindalbe_input.h">
      <Filter>inc\core\rg_components\input</Filter>
    </ClInclude>
    <ClInclude Include="grng_rg_buffer_input.h">
      <Filter>inc\core\rg_components\input</Filter>
    </ClInclude>
    <ClInclude Include="grng_rg_input.h">
      <Filter>inc\core\rg_components\input</Filter>
    </ClInclude>
    <ClInclude Include="grng_render_graph.h">
      <Filter>renderer\render_graph\render_graph</Filter>
    </ClInclude>
    <ClInclude Include="grng_rg_fullscreen_pass.h">
      <Filter>renderer\render_graph\rg_lib\base_passes</Filter>
    </ClInclude>
    <ClInclude Include="grng_rg_bindable_pass.h">
      <Filter>renderer\render_graph\rg_lib\base_passes</Filter>
    </ClInclude>
    <ClInclude Include="grng_def_shaders.h">
      <Filter>inc\def</Filter>
    </ClInclude>
    <ClInclude Include="grng_bindable.h">
      <Filter>inc\core\bindable\bindable\inc</Filter>
    </ClInclude>
    <ClInclude Include="grng_buffer_resource.h">
      <Filter>inc\core\bindable\bindable\inc</Filter>
    </ClInclude>
    <ClInclude Include="grng_buffer_clear_pass.h">
      <Filter>renderer\render_graph\rg_lib\passes</Filter>
    </ClInclude>
    <ClInclude Include="rg.h">
      <Filter>renderer\render_graph\rg_lib\render_graphs</Filter>
    </ClInclude>
    <ClInclude Include="grng_component.h">
      <Filter>inc\core\components\component</Filter>
    </ClInclude>
    <ClInclude Include="grng_rg_component.h">
      <Filter>inc\core\rg_components\rg_component</Filter>
    </ClInclude>
    <ClInclude Include="grng_rg_components.h">
      <Filter>inc\core\rg_components</Filter>
    </ClInclude>
    <ClInclude Include="grng_lights.h">
      <Filter>inc\core\entity\light</Filter>
    </ClInclude>
    <ClInclude Include="grng_def_scene.h">
      <Filter>inc\def</Filter>
    </ClInclude>
    <ClInclude Include="grng_light.h">
      <Filter>inc\core\entity\light\light\light</Filter>
    </ClInclude>
    <ClInclude Include="grng_light_shader.h">
      <Filter>inc\core\entity\light\light</Filter>
    </ClInclude>
    <ClInclude Include="grng_def_deffered.h">
      <Filter>inc\def</Filter>
    </ClInclude>
    <ClInclude Include="grng_bindable_entity.h">
      <Filter>inc\core\entity\bindable_entity</Filter>
    </ClInclude>
  </ItemGroup>
  <ItemGroup>
    <FxCompile Include="deferred_fs.hlsl">
      <Filter>shaders\deferred</Filter>
    </FxCompile>
    <FxCompile Include="g_buffer_pass_vs.hlsl">
      <Filter>shaders\gb_pass</Filter>
    </FxCompile>
    <FxCompile Include="g_buffer_pass_fs.hlsl">
      <Filter>shaders\gb_pass</Filter>
    </FxCompile>
    <FxCompile Include="g_buffer_pass_gs.hlsl">
      <Filter>shaders\gb_pass</Filter>
    </FxCompile>
    <FxCompile Include="skybox_vs.hlsl">
      <Filter>shaders\skybox</Filter>
    </FxCompile>
    <FxCompile Include="skybox_fs.hlsl">
      <Filter>shaders\skybox</Filter>
    </FxCompile>
    <FxCompile Include="post_effects_fs.hlsl">
      <Filter>shaders\post_effects</Filter>
    </FxCompile>
    <FxCompile Include="fullscreen_vs.hlsl">
      <Filter>shaders\utils</Filter>
    </FxCompile>
  </ItemGroup>
  <ItemGroup>
    <None Include="point_light.hlsli">
      <Filter>shaders\deferred\light</Filter>
    </None>
    <None Include="dir_light.hlsli">
      <Filter>shaders\deferred\light</Filter>
    </None>
    <None Include="cook_torrance.hlsli">
      <Filter>shaders\misc\brdf</Filter>
    </None>
    <None Include="normal_mapping.hlsli">
      <Filter>shaders\misc\normal_mapping</Filter>
    </None>
    <None Include="oren_nayar.hlsli">
      <Filter>shaders\misc\brdf</Filter>
    </None>
    <None Include="gamma_correction.hlsli">
      <Filter>shaders\misc\gamma_correction</Filter>
    </None>
    <None Include="packages.config" />
    <None Include="tone_mapping.hlsli">
      <Filter>shaders\misc\tone_mapping</Filter>
    </None>
  </ItemGroup>
</Project>